%{
  "ex_aws": {:hex, :ex_aws, "2.1.0", "b92651527d6c09c479f9013caa9c7331f19cba38a650590d82ebf2c6c16a1d8a", [:mix], [{:configparser_ex, "~> 2.0", [hex: :configparser_ex, repo: "hexpm", optional: true]}, {:hackney, "1.6.3 or 1.6.5 or 1.7.1 or 1.8.6 or ~> 1.9", [hex: :hackney, repo: "hexpm", optional: true]}, {:jsx, "~> 2.8", [hex: :jsx, repo: "hexpm", optional: true]}, {:poison, ">= 1.2.0", [hex: :poison, repo: "hexpm", optional: true]}, {:sweet_xml, "~> 0.6", [hex: :sweet_xml, repo: "hexpm", optional: true]}, {:xml_builder, "~> 0.1.0", [hex: :xml_builder, repo: "hexpm", optional: true]}], "hexpm"},
  "ex_aws_dynamo": {:hex, :ex_aws_dynamo, "2.0.1", "fd472900779f3bb9cd2b59bde14b130404f751c1990e1fff8b6898150dc457da", [:mix], [{:ex_aws, "~> 2.0", [hex: :ex_aws, repo: "hexpm", optional: false]}], "hexpm"},
}
